<?xml version="1.0" encoding="utf-8"?>
<Project ToolsVersion="4.0" xmlns="http://schemas.microsoft.com/developer/msbuild/2003">
  <ItemGroup>
    <Filter Include="Library">
      <UniqueIdentifier>{d5173dcf-2786-4f98-bd55-d03549637dfe}</UniqueIdentifier>
    </Filter>
    <Filter Include="Src">
      <UniqueIdentifier>{80d0a5a9-6779-4863-bede-cc22a4986dc5}</UniqueIdentifier>
    </Filter>
    <Filter Include="Src\System">
      <UniqueIdentifier>{f5928314-3ee2-4e39-abfa-d93aa9ee5891}</UniqueIdentifier>
    </Filter>
    <Filter Include="Src\System\Direct3D">
      <UniqueIdentifier>{f193abd5-e51c-466e-a937-722bc9175e9a}</UniqueIdentifier>
    </Filter>
    <Filter Include="Src\System\Utility">
      <UniqueIdentifier>{f5d733b1-5031-4659-a9d4-0dd3add1e5fb}</UniqueIdentifier>
    </Filter>
    <Filter Include="Src\System\Window">
      <UniqueIdentifier>{cb022f2a-c5a2-449b-9b70-5110aff8550f}</UniqueIdentifier>
    </Filter>
    <Filter Include="Library\imgui">
      <UniqueIdentifier>{85e2ada7-3d34-4892-b70a-8b9a433f7438}</UniqueIdentifier>
    </Filter>
    <Filter Include="Library\tinygltf">
      <UniqueIdentifier>{307bfbcd-124f-4ad7-85f5-3fd94f814b1f}</UniqueIdentifier>
    </Filter>
    <Filter Include="Src\System\Shader">
      <UniqueIdentifier>{93543c0c-58fe-4a94-8279-7be3021b65b1}</UniqueIdentifier>
    </Filter>
    <Filter Include="Src\System\Shader\EffectShader">
      <UniqueIdentifier>{3ed945a9-befa-4db2-b780-7714e82626ed}</UniqueIdentifier>
    </Filter>
    <Filter Include="Src\System\Shader\SpriteShader">
      <UniqueIdentifier>{2da4d471-f4e8-4b2d-bdef-b93f91523b8b}</UniqueIdentifier>
    </Filter>
    <Filter Include="Src\System\Shader\StandardShader">
      <UniqueIdentifier>{0a93a6dd-bb60-46dc-820f-6aea10b3b02f}</UniqueIdentifier>
    </Filter>
    <Filter Include="Src\Application">
      <UniqueIdentifier>{d0d0f9cf-dabd-4346-bc9a-d9c04cf42372}</UniqueIdentifier>
    </Filter>
    <Filter Include="Src\System\Audio">
      <UniqueIdentifier>{667d1cb1-5ae5-476f-acd5-14b7d294a95a}</UniqueIdentifier>
    </Filter>
    <Filter Include="Src\Application\Title">
      <UniqueIdentifier>{f1a4f33e-d621-4f00-997e-cb6ce02bde2c}</UniqueIdentifier>
    </Filter>
    <Filter Include="Src\Application\Game">
      <UniqueIdentifier>{dd5e0aeb-4dac-4f0c-9edc-fa913581cc30}</UniqueIdentifier>
    </Filter>
    <Filter Include="Src\Application\Game\Player">
      <UniqueIdentifier>{5fe349de-bb54-4582-9438-105fcd085039}</UniqueIdentifier>
    </Filter>
    <Filter Include="Src\Application\Result">
      <UniqueIdentifier>{185bb92d-3162-4b43-a817-9626e4f9f9ea}</UniqueIdentifier>
    </Filter>
    <Filter Include="Src\Application\SceneBase">
      <UniqueIdentifier>{84787a8e-b280-451f-a020-29383149d27e}</UniqueIdentifier>
    </Filter>
    <Filter Include="Src\Application\Game\GameScene">
      <UniqueIdentifier>{913c7ce3-90e1-43b1-b889-0433f72411df}</UniqueIdentifier>
    </Filter>
    <Filter Include="Src\Application\Game\GameScene\Start">
      <UniqueIdentifier>{348a4b61-a52a-4e4d-b406-0e7f6684bc1a}</UniqueIdentifier>
    </Filter>
    <Filter Include="Src\Application\Game\GameUI">
      <UniqueIdentifier>{76db1e32-6032-4840-a342-1eefac6c98c2}</UniqueIdentifier>
    </Filter>
    <Filter Include="Src\Application\Game\GameObject">
      <UniqueIdentifier>{664ddc71-0635-46d7-a5d5-d7508870148f}</UniqueIdentifier>
    </Filter>
    <Filter Include="Src\Application\Game\GameObject\Bullet">
      <UniqueIdentifier>{7ab78eff-cfca-41d6-861e-17155ad7d912}</UniqueIdentifier>
    </Filter>
    <Filter Include="Src\Application\Game\GameObject\Bullet\PBullet">
      <UniqueIdentifier>{b024c650-056c-4c75-b711-10f98606905b}</UniqueIdentifier>
    </Filter>
    <Filter Include="Src\Application\Game\GameScene\Stage1">
      <UniqueIdentifier>{92a7830d-75e9-4576-a1dd-cb59bcbf96cb}</UniqueIdentifier>
    </Filter>
    <Filter Include="Src\Application\Game\GameObject\Enemy">
      <UniqueIdentifier>{f19a981d-12c0-4aaa-a257-a3478e633e0d}</UniqueIdentifier>
    </Filter>
    <Filter Include="Src\Application\Game\GameObject\Enemy\Ghost">
      <UniqueIdentifier>{d031ee0e-9106-410f-a3a3-117d245a9862}</UniqueIdentifier>
    </Filter>
  </ItemGroup>
  <ItemGroup>
    <ClInclude Include="src\Pch.h">
      <Filter>Src</Filter>
    </ClInclude>
    <ClInclude Include="..\Library\imgui\imconfig.h">
      <Filter>Library\imgui</Filter>
    </ClInclude>
    <ClInclude Include="..\Library\imgui\imgui.h">
      <Filter>Library\imgui</Filter>
    </ClInclude>
    <ClInclude Include="..\Library\imgui\imgui_impl_dx11.h">
      <Filter>Library\imgui</Filter>
    </ClInclude>
    <ClInclude Include="..\Library\imgui\imgui_impl_win32.h">
      <Filter>Library\imgui</Filter>
    </ClInclude>
    <ClInclude Include="..\Library\imgui\imgui_internal.h">
      <Filter>Library\imgui</Filter>
    </ClInclude>
    <ClInclude Include="..\Library\imgui\imstb_rectpack.h">
      <Filter>Library\imgui</Filter>
    </ClInclude>
    <ClInclude Include="..\Library\imgui\imstb_textedit.h">
      <Filter>Library\imgui</Filter>
    </ClInclude>
    <ClInclude Include="..\Library\imgui\imstb_truetype.h">
      <Filter>Library\imgui</Filter>
    </ClInclude>
    <ClInclude Include="..\Library\imgui\ja_glyph_ranges.h">
      <Filter>Library\imgui</Filter>
    </ClInclude>
    <ClInclude Include="..\Library\tinygltf\json.hpp">
      <Filter>Library\tinygltf</Filter>
    </ClInclude>
    <ClInclude Include="..\Library\tinygltf\stb_image.h">
      <Filter>Library\tinygltf</Filter>
    </ClInclude>
    <ClInclude Include="..\Library\tinygltf\stb_image_write.h">
      <Filter>Library\tinygltf</Filter>
    </ClInclude>
    <ClInclude Include="..\Library\tinygltf\tiny_gltf.h">
      <Filter>Library\tinygltf</Filter>
    </ClInclude>
    <ClInclude Include="Src\Application\main.h">
      <Filter>Src\Application</Filter>
    </ClInclude>
    <ClInclude Include="src\System\Direct3D\KdDirect3D.h">
      <Filter>Src\System\Direct3D</Filter>
    </ClInclude>
    <ClInclude Include="src\System\Direct3D\KdModel.h">
      <Filter>Src\System\Direct3D</Filter>
    </ClInclude>
    <ClInclude Include="src\System\Direct3D\KdTexture.h">
      <Filter>Src\System\Direct3D</Filter>
    </ClInclude>
    <ClInclude Include="src\System\Direct3D\KdBuffer.h">
      <Filter>Src\System\Direct3D</Filter>
    </ClInclude>
    <ClInclude Include="Src\System\Direct3D\KdDirect3DHelper.h">
      <Filter>Src\System\Direct3D</Filter>
    </ClInclude>
    <ClInclude Include="Src\System\Audio\KdAudio.h">
      <Filter>Src\System\Audio</Filter>
    </ClInclude>
    <ClInclude Include="Src\System\Direct3D\KdGLTFLoader.h">
      <Filter>Src\System\Direct3D</Filter>
    </ClInclude>
    <ClInclude Include="Src\System\Shader\KdShaderManager.h">
      <Filter>Src\System\Shader</Filter>
    </ClInclude>
    <ClInclude Include="Src\System\Shader\EffectShader\KdEffectShader.h">
      <Filter>Src\System\Shader\EffectShader</Filter>
    </ClInclude>
    <ClInclude Include="Src\System\Shader\SpriteShader\KdSpriteShader.h">
      <Filter>Src\System\Shader\SpriteShader</Filter>
    </ClInclude>
    <ClInclude Include="Src\System\Shader\StandardShader\KdStandardShader.h">
      <Filter>Src\System\Shader\StandardShader</Filter>
    </ClInclude>
    <ClInclude Include="src\System\Utility\KdUtility.h">
      <Filter>Src\System\Utility</Filter>
    </ClInclude>
    <ClInclude Include="src\System\Window\KdGameWindow.h">
      <Filter>Src\System\Window</Filter>
    </ClInclude>
    <ClInclude Include="src\System\KdSystem.h">
      <Filter>Src\System</Filter>
    </ClInclude>
    <ClInclude Include="..\Library\strconv.h">
      <Filter>Library</Filter>
    </ClInclude>
    <ClInclude Include="Src\Application\Scene.h">
      <Filter>Src\Application</Filter>
    </ClInclude>
    <ClInclude Include="Src\Application\Game\Game.h">
      <Filter>Src\Application\Game</Filter>
    </ClInclude>
    <ClInclude Include="Src\Application\Result\Result.h">
      <Filter>Src\Application\Result</Filter>
    </ClInclude>
    <ClInclude Include="Src\Application\Title\Title.h">
      <Filter>Src\Application\Title</Filter>
    </ClInclude>
    <ClInclude Include="Src\Application\Game\Player\Player.h">
      <Filter>Src\Application\Game\Player</Filter>
    </ClInclude>
    <ClInclude Include="Src\Application\SceneBase\SceneBase.h">
      <Filter>Src\Application\SceneBase</Filter>
    </ClInclude>
    <ClInclude Include="Src\Application\Game\GameScene\GameSceneBase.h">
      <Filter>Src\Application\Game\GameScene</Filter>
    </ClInclude>
    <ClInclude Include="Src\Application\Game\GameScene\Start\Start.h">
      <Filter>Src\Application\Game\GameScene\Start</Filter>
    </ClInclude>
    <ClInclude Include="Src\Application\Game\GameUI\GameUI.h">
      <Filter>Src\Application\Game\GameUI</Filter>
    </ClInclude>
    <ClInclude Include="Src\Application\Game\GameObject\Bullet\PBullet\PBullet.h">
      <Filter>Src\Application\Game\GameObject\Bullet\PBullet</Filter>
    </ClInclude>
    <ClInclude Include="Src\Application\Game\GameObject\GameObjectBase.h">
      <Filter>Src\Application\Game\GameObject</Filter>
    </ClInclude>
    <ClInclude Include="Src\Application\Game\GameScene\Stage1\Stage1.h">
      <Filter>Src\Application\Game\GameScene\Stage1</Filter>
    </ClInclude>
    <ClInclude Include="Src\Application\Game\GameObject\Enemy\Ghost\Ghost.h">
      <Filter>Src\Application\Game\GameObject\Enemy\Ghost</Filter>
    </ClInclude>
  </ItemGroup>
  <ItemGroup>
    <ClCompile Include="src\Pch.cpp">
      <Filter>Src</Filter>
    </ClCompile>
    <ClCompile Include="..\Library\imgui\imgui.cpp">
      <Filter>Library\imgui</Filter>
    </ClCompile>
    <ClCompile Include="..\Library\imgui\imgui_demo.cpp">
      <Filter>Library\imgui</Filter>
    </ClCompile>
    <ClCompile Include="..\Library\imgui\imgui_draw.cpp">
      <Filter>Library\imgui</Filter>
    </ClCompile>
    <ClCompile Include="..\Library\imgui\imgui_impl_dx11.cpp">
      <Filter>Library\imgui</Filter>
    </ClCompile>
    <ClCompile Include="..\Library\imgui\imgui_impl_win32.cpp">
      <Filter>Library\imgui</Filter>
    </ClCompile>
    <ClCompile Include="..\Library\imgui\imgui_widgets.cpp">
      <Filter>Library\imgui</Filter>
    </ClCompile>
    <ClCompile Include="Src\Application\main.cpp">
      <Filter>Src\Application</Filter>
    </ClCompile>
    <ClCompile Include="src\System\Direct3D\KdDirect3D.cpp">
      <Filter>Src\System\Direct3D</Filter>
    </ClCompile>
    <ClCompile Include="src\System\Direct3D\KdModel.cpp">
      <Filter>Src\System\Direct3D</Filter>
    </ClCompile>
    <ClCompile Include="src\System\Direct3D\KdTexture.cpp">
      <Filter>Src\System\Direct3D</Filter>
    </ClCompile>
    <ClCompile Include="src\System\Direct3D\KdBuffer.cpp">
      <Filter>Src\System\Direct3D</Filter>
    </ClCompile>
    <ClCompile Include="Src\System\Direct3D\KdDirect3DHelper.cpp">
      <Filter>Src\System\Direct3D</Filter>
    </ClCompile>
    <ClCompile Include="Src\System\Audio\KdAudio.cpp">
      <Filter>Src\System\Audio</Filter>
    </ClCompile>
    <ClCompile Include="Src\System\Direct3D\KdGLTFLoader.cpp">
      <Filter>Src\System\Direct3D</Filter>
    </ClCompile>
    <ClCompile Include="Src\System\Shader\KdShaderManager.cpp">
      <Filter>Src\System\Shader</Filter>
    </ClCompile>
    <ClCompile Include="Src\System\Shader\EffectShader\KdEffectShader.cpp">
      <Filter>Src\System\Shader\EffectShader</Filter>
    </ClCompile>
    <ClCompile Include="Src\System\Shader\SpriteShader\KdSpriteShader.cpp">
      <Filter>Src\System\Shader\SpriteShader</Filter>
    </ClCompile>
    <ClCompile Include="Src\System\Shader\StandardShader\KdStandardShader.cpp">
      <Filter>Src\System\Shader\StandardShader</Filter>
    </ClCompile>
    <ClCompile Include="src\System\Window\KdGameWindow.cpp">
      <Filter>Src\System\Window</Filter>
    </ClCompile>
    <ClCompile Include="Src\Application\Scene.cpp">
      <Filter>Src\Application</Filter>
    </ClCompile>
    <ClCompile Include="Src\Application\Game\Game.cpp">
      <Filter>Src\Application\Game</Filter>
    </ClCompile>
    <ClCompile Include="Src\Application\Result\Result.cpp">
      <Filter>Src\Application\Result</Filter>
    </ClCompile>
    <ClCompile Include="Src\Application\Title\Title.cpp">
      <Filter>Src\Application\Title</Filter>
    </ClCompile>
    <ClCompile Include="Src\Application\Game\Player\Player.cpp">
      <Filter>Src\Application\Game\Player</Filter>
    </ClCompile>
    <ClCompile Include="Src\Application\Game\GameScene\Start\Start.cpp">
      <Filter>Src\Application\Game\GameScene\Start</Filter>
    </ClCompile>
    <ClCompile Include="Src\Application\Game\GameUI\GameUI.cpp">
      <Filter>Src\Application\Game\GameUI</Filter>
    </ClCompile>
    <ClCompile Include="Src\Application\Game\GameObject\Bullet\PBullet\PBullet.cpp">
      <Filter>Src\Application\Game\GameObject\Bullet\PBullet</Filter>
    </ClCompile>
    <ClCompile Include="Src\Application\Game\GameScene\Stage1\Stage1.cpp">
      <Filter>Src\Application\Game\GameScene\Stage1</Filter>
    </ClCompile>
    <ClCompile Include="Src\Application\Game\GameObject\Enemy\Ghost\Ghost.cpp">
      <Filter>Src\Application\Game\GameObject\Enemy\Ghost</Filter>
    </ClCompile>
  </ItemGroup>
  <ItemGroup>
    <Text Include="説明.txt" />
  </ItemGroup>
  <ItemGroup>
    <None Include="Src\System\Shader\EffectShader\inc_KdEffectShader.hlsli">
      <Filter>Src\System\Shader\EffectShader</Filter>
    </None>
    <None Include="Src\System\Shader\inc_KdCommon.hlsli">
      <Filter>Src\System\Shader</Filter>
    </None>
    <None Include="Src\System\Shader\SpriteShader\inc_KdSpriteShader.hlsli">
      <Filter>Src\System\Shader\SpriteShader</Filter>
    </None>
    <None Include="Src\System\Shader\StandardShader\inc_KdStandardShader.hlsli">
      <Filter>Src\System\Shader\StandardShader</Filter>
    </None>
  </ItemGroup>
  <ItemGroup>
    <FxCompile Include="Src\System\Shader\EffectShader\KdEffectShader_PS.hlsl">
      <Filter>Src\System\Shader\EffectShader</Filter>
    </FxCompile>
    <FxCompile Include="Src\System\Shader\EffectShader\KdEffectShader_VS.hlsl">
      <Filter>Src\System\Shader\EffectShader</Filter>
    </FxCompile>
    <FxCompile Include="Src\System\Shader\SpriteShader\KdSpriteShader_PS.hlsl">
      <Filter>Src\System\Shader\SpriteShader</Filter>
    </FxCompile>
    <FxCompile Include="Src\System\Shader\SpriteShader\KdSpriteShader_VS.hlsl">
      <Filter>Src\System\Shader\SpriteShader</Filter>
    </FxCompile>
    <FxCompile Include="Src\System\Shader\StandardShader\KdStandardShader_PS.hlsl">
      <Filter>Src\System\Shader\StandardShader</Filter>
    </FxCompile>
    <FxCompile Include="Src\System\Shader\StandardShader\KdStandardShader_VS.hlsl">
      <Filter>Src\System\Shader\StandardShader</Filter>
    </FxCompile>
  </ItemGroup>
</Project>